
Microsoft Visual Studio Solution File, Format Version 12.00
# Visual Studio Version 17
VisualStudioVersion = 17.5.002.0
MinimumVisualStudioVersion = 10.0.40219.1
Project("{2150E333-8FDC-42A3-9474-1A3956D46DE8}") = "02_Labs", "02_Labs", "{4F2FD14A-C979-4143-BF67-49A61ED4D706}"
EndProject
Project("{9A19103F-16F7-4668-BE54-9A1E7A4F7556}") = "05_Number100to200", "02_Labs\05_Number100to200\05_Number100to200.csproj", "{FE158976-DD39-4755-9418-F9DF981DEA04}"
EndProject
Project("{9A19103F-16F7-4668-BE54-9A1E7A4F7556}") = "02_GreaterNumber", "02_Labs\02_GreaterNumber\02_GreaterNumber.csproj", "{FE1CC340-138E-4274-A656-DCABBD55EFAB}"
EndProject
Project("{9A19103F-16F7-4668-BE54-9A1E7A4F7556}") = "MyApp", "02_Labs\MyApp\MyApp.csproj", "{9DC2BD33-DDDA-4E65-8D0B-393C39AA2147}"
EndProject
Project("{9A19103F-16F7-4668-BE54-9A1E7A4F7556}") = "03_EvenOrOdd", "02_Labs\03_EvenOrOdd\03_EvenOrOdd.csproj", "{B86117BA-695A-42B8-92FB-BB4591376E08}"
EndProject
Project("{9A19103F-16F7-4668-BE54-9A1E7A4F7556}") = "06_SpeedInfo", "02_Labs\06_SpeedInfo\06_SpeedInfo.csproj", "{0666679C-E1CA-44C2-81BE-497D2819E0D9}"
EndProject
Project("{9A19103F-16F7-4668-BE54-9A1E7A4F7556}") = "07_AreaOfFigures", "02_Labs\07_AreaOfFigures\07_AreaOfFigures.csproj", "{B85E16C5-AD00-4ABF-8754-E864D187CDC4}"
EndProject
Project("{9A19103F-16F7-4668-BE54-9A1E7A4F7556}") = "01_ExcellentResult", "02_Labs\01_ExcellentResult\01_ExcellentResult.csproj", "{AC73C0BB-483D-4185-9749-2B0413503796}"
EndProject
Project("{9A19103F-16F7-4668-BE54-9A1E7A4F7556}") = "04_PasswordGuess", "02_Labs\04_PasswordGuess\04_PasswordGuess.csproj", "{B67EF86C-F809-4353-AA0C-91F29D5758F2}"
EndProject
Project("{2150E333-8FDC-42A3-9474-1A3956D46DE8}") = "02_Exercise", "02_Exercise", "{2F7F2687-4001-4EBD-99DF-04B26509F04A}"
EndProject
Project("{9A19103F-16F7-4668-BE54-9A1E7A4F7556}") = "02_BonusScore", "02_Exercise\02_BonusScore\02_BonusScore.csproj", "{AC1CB492-4B61-4D1D-BDCF-24EC695334AF}"
EndProject
Project("{9A19103F-16F7-4668-BE54-9A1E7A4F7556}") = "05_GodzillaVsKong", "02_Exercise\05_GodzillaVsKong\05_GodzillaVsKong.csproj", "{13ACA873-9856-41A7-BBDB-66A942CF23AB}"
EndProject
Project("{9A19103F-16F7-4668-BE54-9A1E7A4F7556}") = "03_TimePlus15Minutes", "02_Exercise\03_TimePlus15Minutes\03_TimePlus15Minutes.csproj", "{F70C9746-E2C1-4165-AF08-78FB71475B61}"
EndProject
Project("{9A19103F-16F7-4668-BE54-9A1E7A4F7556}") = "01_SumSeconds", "02_Exercise\01_SumSeconds\01_SumSeconds.csproj", "{21F8F397-32FC-4E31-8ED4-461B09E534DE}"
EndProject
Project("{9A19103F-16F7-4668-BE54-9A1E7A4F7556}") = "06_WorldSwimmingRecord", "02_Exercise\06_WorldSwimmingRecord\06_WorldSwimmingRecord.csproj", "{6E03F1A2-E1FD-43D4-AC6F-796F4139482C}"
EndProject
Project("{9A19103F-16F7-4668-BE54-9A1E7A4F7556}") = "04_ToyShop", "02_Exercise\04_ToyShop\04_ToyShop.csproj", "{2C6D00F4-BC1C-433B-8814-52E74C9257EE}"
EndProject
Global
	GlobalSection(SolutionConfigurationPlatforms) = preSolution
		Debug|Any CPU = Debug|Any CPU
		Release|Any CPU = Release|Any CPU
	EndGlobalSection
	GlobalSection(ProjectConfigurationPlatforms) = postSolution
		{FE158976-DD39-4755-9418-F9DF981DEA04}.Debug|Any CPU.ActiveCfg = Debug|Any CPU
		{FE158976-DD39-4755-9418-F9DF981DEA04}.Debug|Any CPU.Build.0 = Debug|Any CPU
		{FE158976-DD39-4755-9418-F9DF981DEA04}.Release|Any CPU.ActiveCfg = Release|Any CPU
		{FE158976-DD39-4755-9418-F9DF981DEA04}.Release|Any CPU.Build.0 = Release|Any CPU
		{FE1CC340-138E-4274-A656-DCABBD55EFAB}.Debug|Any CPU.ActiveCfg = Debug|Any CPU
		{FE1CC340-138E-4274-A656-DCABBD55EFAB}.Debug|Any CPU.Build.0 = Debug|Any CPU
		{FE1CC340-138E-4274-A656-DCABBD55EFAB}.Release|Any CPU.ActiveCfg = Release|Any CPU
		{FE1CC340-138E-4274-A656-DCABBD55EFAB}.Release|Any CPU.Build.0 = Release|Any CPU
		{9DC2BD33-DDDA-4E65-8D0B-393C39AA2147}.Debug|Any CPU.ActiveCfg = Debug|Any CPU
		{9DC2BD33-DDDA-4E65-8D0B-393C39AA2147}.Debug|Any CPU.Build.0 = Debug|Any CPU
		{9DC2BD33-DDDA-4E65-8D0B-393C39AA2147}.Release|Any CPU.ActiveCfg = Release|Any CPU
		{9DC2BD33-DDDA-4E65-8D0B-393C39AA2147}.Release|Any CPU.Build.0 = Release|Any CPU
		{B86117BA-695A-42B8-92FB-BB4591376E08}.Debug|Any CPU.ActiveCfg = Debug|Any CPU
		{B86117BA-695A-42B8-92FB-BB4591376E08}.Debug|Any CPU.Build.0 = Debug|Any CPU
		{B86117BA-695A-42B8-92FB-BB4591376E08}.Release|Any CPU.ActiveCfg = Release|Any CPU
		{B86117BA-695A-42B8-92FB-BB4591376E08}.Release|Any CPU.Build.0 = Release|Any CPU
		{0666679C-E1CA-44C2-81BE-497D2819E0D9}.Debug|Any CPU.ActiveCfg = Debug|Any CPU
		{0666679C-E1CA-44C2-81BE-497D2819E0D9}.Debug|Any CPU.Build.0 = Debug|Any CPU
		{0666679C-E1CA-44C2-81BE-497D2819E0D9}.Release|Any CPU.ActiveCfg = Release|Any CPU
		{0666679C-E1CA-44C2-81BE-497D2819E0D9}.Release|Any CPU.Build.0 = Release|Any CPU
		{B85E16C5-AD00-4ABF-8754-E864D187CDC4}.Debug|Any CPU.ActiveCfg = Debug|Any CPU
		{B85E16C5-AD00-4ABF-8754-E864D187CDC4}.Debug|Any CPU.Build.0 = Debug|Any CPU
		{B85E16C5-AD00-4ABF-8754-E864D187CDC4}.Release|Any CPU.ActiveCfg = Release|Any CPU
		{B85E16C5-AD00-4ABF-8754-E864D187CDC4}.Release|Any CPU.Build.0 = Release|Any CPU
		{AC73C0BB-483D-4185-9749-2B0413503796}.Debug|Any CPU.ActiveCfg = Debug|Any CPU
		{AC73C0BB-483D-4185-9749-2B0413503796}.Debug|Any CPU.Build.0 = Debug|Any CPU
		{AC73C0BB-483D-4185-9749-2B0413503796}.Release|Any CPU.ActiveCfg = Release|Any CPU
		{AC73C0BB-483D-4185-9749-2B0413503796}.Release|Any CPU.Build.0 = Release|Any CPU
		{B67EF86C-F809-4353-AA0C-91F29D5758F2}.Debug|Any CPU.ActiveCfg = Debug|Any CPU
		{B67EF86C-F809-4353-AA0C-91F29D5758F2}.Debug|Any CPU.Build.0 = Debug|Any CPU
		{B67EF86C-F809-4353-AA0C-91F29D5758F2}.Release|Any CPU.ActiveCfg = Release|Any CPU
		{B67EF86C-F809-4353-AA0C-91F29D5758F2}.Release|Any CPU.Build.0 = Release|Any CPU
		{AC1CB492-4B61-4D1D-BDCF-24EC695334AF}.Debug|Any CPU.ActiveCfg = Debug|Any CPU
		{AC1CB492-4B61-4D1D-BDCF-24EC695334AF}.Debug|Any CPU.Build.0 = Debug|Any CPU
		{AC1CB492-4B61-4D1D-BDCF-24EC695334AF}.Release|Any CPU.ActiveCfg = Release|Any CPU
		{AC1CB492-4B61-4D1D-BDCF-24EC695334AF}.Release|Any CPU.Build.0 = Release|Any CPU
		{13ACA873-9856-41A7-BBDB-66A942CF23AB}.Debug|Any CPU.ActiveCfg = Debug|Any CPU
		{13ACA873-9856-41A7-BBDB-66A942CF23AB}.Debug|Any CPU.Build.0 = Debug|Any CPU
		{13ACA873-9856-41A7-BBDB-66A942CF23AB}.Release|Any CPU.ActiveCfg = Release|Any CPU
		{13ACA873-9856-41A7-BBDB-66A942CF23AB}.Release|Any CPU.Build.0 = Release|Any CPU
		{F70C9746-E2C1-4165-AF08-78FB71475B61}.Debug|Any CPU.ActiveCfg = Debug|Any CPU
		{F70C9746-E2C1-4165-AF08-78FB71475B61}.Debug|Any CPU.Build.0 = Debug|Any CPU
		{F70C9746-E2C1-4165-AF08-78FB71475B61}.Release|Any CPU.ActiveCfg = Release|Any CPU
		{F70C9746-E2C1-4165-AF08-78FB71475B61}.Release|Any CPU.Build.0 = Release|Any CPU
		{21F8F397-32FC-4E31-8ED4-461B09E534DE}.Debug|Any CPU.ActiveCfg = Debug|Any CPU
		{21F8F397-32FC-4E31-8ED4-461B09E534DE}.Debug|Any CPU.Build.0 = Debug|Any CPU
		{21F8F397-32FC-4E31-8ED4-461B09E534DE}.Release|Any CPU.ActiveCfg = Release|Any CPU
		{21F8F397-32FC-4E31-8ED4-461B09E534DE}.Release|Any CPU.Build.0 = Release|Any CPU
		{6E03F1A2-E1FD-43D4-AC6F-796F4139482C}.Debug|Any CPU.ActiveCfg = Debug|Any CPU
		{6E03F1A2-E1FD-43D4-AC6F-796F4139482C}.Debug|Any CPU.Build.0 = Debug|Any CPU
		{6E03F1A2-E1FD-43D4-AC6F-796F4139482C}.Release|Any CPU.ActiveCfg = Release|Any CPU
		{6E03F1A2-E1FD-43D4-AC6F-796F4139482C}.Release|Any CPU.Build.0 = Release|Any CPU
		{2C6D00F4-BC1C-433B-8814-52E74C9257EE}.Debug|Any CPU.ActiveCfg = Debug|Any CPU
		{2C6D00F4-BC1C-433B-8814-52E74C9257EE}.Debug|Any CPU.Build.0 = Debug|Any CPU
		{2C6D00F4-BC1C-433B-8814-52E74C9257EE}.Release|Any CPU.ActiveCfg = Release|Any CPU
		{2C6D00F4-BC1C-433B-8814-52E74C9257EE}.Release|Any CPU.Build.0 = Release|Any CPU
	EndGlobalSection
	GlobalSection(SolutionProperties) = preSolution
		HideSolutionNode = FALSE
	EndGlobalSection
	GlobalSection(NestedProjects) = preSolution
		{FE158976-DD39-4755-9418-F9DF981DEA04} = {4F2FD14A-C979-4143-BF67-49A61ED4D706}
		{FE1CC340-138E-4274-A656-DCABBD55EFAB} = {4F2FD14A-C979-4143-BF67-49A61ED4D706}
		{9DC2BD33-DDDA-4E65-8D0B-393C39AA2147} = {4F2FD14A-C979-4143-BF67-49A61ED4D706}
		{B86117BA-695A-42B8-92FB-BB4591376E08} = {4F2FD14A-C979-4143-BF67-49A61ED4D706}
		{0666679C-E1CA-44C2-81BE-497D2819E0D9} = {4F2FD14A-C979-4143-BF67-49A61ED4D706}
		{B85E16C5-AD00-4ABF-8754-E864D187CDC4} = {4F2FD14A-C979-4143-BF67-49A61ED4D706}
		{AC73C0BB-483D-4185-9749-2B0413503796} = {4F2FD14A-C979-4143-BF67-49A61ED4D706}
		{B67EF86C-F809-4353-AA0C-91F29D5758F2} = {4F2FD14A-C979-4143-BF67-49A61ED4D706}
		{AC1CB492-4B61-4D1D-BDCF-24EC695334AF} = {2F7F2687-4001-4EBD-99DF-04B26509F04A}
		{13ACA873-9856-41A7-BBDB-66A942CF23AB} = {2F7F2687-4001-4EBD-99DF-04B26509F04A}
		{F70C9746-E2C1-4165-AF08-78FB71475B61} = {2F7F2687-4001-4EBD-99DF-04B26509F04A}
		{21F8F397-32FC-4E31-8ED4-461B09E534DE} = {2F7F2687-4001-4EBD-99DF-04B26509F04A}
		{6E03F1A2-E1FD-43D4-AC6F-796F4139482C} = {2F7F2687-4001-4EBD-99DF-04B26509F04A}
		{2C6D00F4-BC1C-433B-8814-52E74C9257EE} = {2F7F2687-4001-4EBD-99DF-04B26509F04A}
	EndGlobalSection
	GlobalSection(ExtensibilityGlobals) = postSolution
		SolutionGuid = {625B75EB-26EF-4C3B-8F5D-1EAA1C7BF200}
	EndGlobalSection
EndGlobal
