
Microsoft Visual Studio Solution File, Format Version 12.00
# Visual Studio Version 17
VisualStudioVersion = 17.5.002.0
MinimumVisualStudioVersion = 10.0.40219.1
Project("{9A19103F-16F7-4668-BE54-9A1E7A4F7556}") = "01_Cinema", "01_Cinema\01_Cinema.csproj", "{C8ED7350-1D17-40F4-8035-AD6CF762259D}"
EndProject
Global
	GlobalSection(SolutionConfigurationPlatforms) = preSolution
		Debug|Any CPU = Debug|Any CPU
		Release|Any CPU = Release|Any CPU
	EndGlobalSection
	GlobalSection(ProjectConfigurationPlatforms) = postSolution
		{C8ED7350-1D17-40F4-8035-AD6CF762259D}.Debug|Any CPU.ActiveCfg = Debug|Any CPU
		{C8ED7350-1D17-40F4-8035-AD6CF762259D}.Debug|Any CPU.Build.0 = Debug|Any CPU
		{C8ED7350-1D17-40F4-8035-AD6CF762259D}.Release|Any CPU.ActiveCfg = Release|Any CPU
		{C8ED7350-1D17-40F4-8035-AD6CF762259D}.Release|Any CPU.Build.0 = Release|Any CPU
	EndGlobalSection
	GlobalSection(SolutionProperties) = preSolution
		HideSolutionNode = FALSE
	EndGlobalSection
	GlobalSection(ExtensibilityGlobals) = postSolution
		SolutionGuid = {5A6FA131-5FAF-474B-8BEA-AF3868E1255E}
	EndGlobalSection
EndGlobal
